
Microsoft Visual Studio Solution File, Format Version 12.00
# Visual Studio Version 17
VisualStudioVersion = 17.4.33205.214
MinimumVisualStudioVersion = 10.0.40219.1
Project("{FAE04EC0-301F-11D3-BF4B-00C04F79EFBC}") = "TUTORES.Android", "TUTORES.Android\TUTORES.Android.csproj", "{14A08BC6-D553-4390-8FB9-F8BDF450D97B}"
EndProject
Project("{FAE04EC0-301F-11D3-BF4B-00C04F79EFBC}") = "TUTORES.iOS", "TUTORES.iOS\TUTORES.iOS.csproj", "{397560A7-31FC-4FA9-B050-14D4EE261EE7}"
EndProject
Project("{FAE04EC0-301F-11D3-BF4B-00C04F79EFBC}") = "TUTORES", "TUTORES\TUTORES.csproj", "{5524651B-DE72-453A-A460-6E2F0285B436}"
EndProject
Global
	GlobalSection(SolutionConfigurationPlatforms) = preSolution
		Debug|Any CPU = Debug|Any CPU
		Debug|iPhone = Debug|iPhone
		Debug|iPhoneSimulator = Debug|iPhoneSimulator
		Release|Any CPU = Release|Any CPU
		Release|iPhone = Release|iPhone
		Release|iPhoneSimulator = Release|iPhoneSimulator
	EndGlobalSection
	GlobalSection(ProjectConfigurationPlatforms) = postSolution
		{14A08BC6-D553-4390-8FB9-F8BDF450D97B}.Debug|Any CPU.ActiveCfg = Debug|Any CPU
		{14A08BC6-D553-4390-8FB9-F8BDF450D97B}.Debug|Any CPU.Build.0 = Debug|Any CPU
		{14A08BC6-D553-4390-8FB9-F8BDF450D97B}.Debug|Any CPU.Deploy.0 = Debug|Any CPU
		{14A08BC6-D553-4390-8FB9-F8BDF450D97B}.Debug|iPhone.ActiveCfg = Debug|Any CPU
		{14A08BC6-D553-4390-8FB9-F8BDF450D97B}.Debug|iPhone.Build.0 = Debug|Any CPU
		{14A08BC6-D553-4390-8FB9-F8BDF450D97B}.Debug|iPhone.Deploy.0 = Debug|Any CPU
		{14A08BC6-D553-4390-8FB9-F8BDF450D97B}.Debug|iPhoneSimulator.ActiveCfg = Debug|Any CPU
		{14A08BC6-D553-4390-8FB9-F8BDF450D97B}.Debug|iPhoneSimulator.Build.0 = Debug|Any CPU
		{14A08BC6-D553-4390-8FB9-F8BDF450D97B}.Debug|iPhoneSimulator.Deploy.0 = Debug|Any CPU
		{14A08BC6-D553-4390-8FB9-F8BDF450D97B}.Release|Any CPU.ActiveCfg = Release|Any CPU
		{14A08BC6-D553-4390-8FB9-F8BDF450D97B}.Release|Any CPU.Build.0 = Release|Any CPU
		{14A08BC6-D553-4390-8FB9-F8BDF450D97B}.Release|Any CPU.Deploy.0 = Release|Any CPU
		{14A08BC6-D553-4390-8FB9-F8BDF450D97B}.Release|iPhone.ActiveCfg = Release|Any CPU
		{14A08BC6-D553-4390-8FB9-F8BDF450D97B}.Release|iPhone.Build.0 = Release|Any CPU
		{14A08BC6-D553-4390-8FB9-F8BDF450D97B}.Release|iPhone.Deploy.0 = Release|Any CPU
		{14A08BC6-D553-4390-8FB9-F8BDF450D97B}.Release|iPhoneSimulator.ActiveCfg = Release|Any CPU
		{14A08BC6-D553-4390-8FB9-F8BDF450D97B}.Release|iPhoneSimulator.Build.0 = Release|Any CPU
		{14A08BC6-D553-4390-8FB9-F8BDF450D97B}.Release|iPhoneSimulator.Deploy.0 = Release|Any CPU
		{397560A7-31FC-4FA9-B050-14D4EE261EE7}.Debug|Any CPU.ActiveCfg = Debug|iPhone
		{397560A7-31FC-4FA9-B050-14D4EE261EE7}.Debug|Any CPU.Build.0 = Debug|iPhone
		{397560A7-31FC-4FA9-B050-14D4EE261EE7}.Debug|Any CPU.Deploy.0 = Debug|iPhone
		{397560A7-31FC-4FA9-B050-14D4EE261EE7}.Debug|iPhone.ActiveCfg = Debug|iPhone
		{397560A7-31FC-4FA9-B050-14D4EE261EE7}.Debug|iPhone.Build.0 = Debug|iPhone
		{397560A7-31FC-4FA9-B050-14D4EE261EE7}.Debug|iPhone.Deploy.0 = Debug|iPhone
		{397560A7-31FC-4FA9-B050-14D4EE261EE7}.Debug|iPhoneSimulator.ActiveCfg = Debug|iPhoneSimulator
		{397560A7-31FC-4FA9-B050-14D4EE261EE7}.Debug|iPhoneSimulator.Build.0 = Debug|iPhoneSimulator
		{397560A7-31FC-4FA9-B050-14D4EE261EE7}.Debug|iPhoneSimulator.Deploy.0 = Debug|iPhoneSimulator
		{397560A7-31FC-4FA9-B050-14D4EE261EE7}.Release|Any CPU.ActiveCfg = Release|iPhoneSimulator
		{397560A7-31FC-4FA9-B050-14D4EE261EE7}.Release|Any CPU.Build.0 = Release|iPhoneSimulator
		{397560A7-31FC-4FA9-B050-14D4EE261EE7}.Release|Any CPU.Deploy.0 = Release|iPhoneSimulator
		{397560A7-31FC-4FA9-B050-14D4EE261EE7}.Release|iPhone.ActiveCfg = Release|iPhone
		{397560A7-31FC-4FA9-B050-14D4EE261EE7}.Release|iPhone.Build.0 = Release|iPhone
		{397560A7-31FC-4FA9-B050-14D4EE261EE7}.Release|iPhone.Deploy.0 = Release|iPhone
		{397560A7-31FC-4FA9-B050-14D4EE261EE7}.Release|iPhoneSimulator.ActiveCfg = Release|iPhoneSimulator
		{397560A7-31FC-4FA9-B050-14D4EE261EE7}.Release|iPhoneSimulator.Build.0 = Release|iPhoneSimulator
		{397560A7-31FC-4FA9-B050-14D4EE261EE7}.Release|iPhoneSimulator.Deploy.0 = Release|iPhoneSimulator
		{5524651B-DE72-453A-A460-6E2F0285B436}.Debug|Any CPU.ActiveCfg = Debug|Any CPU
		{5524651B-DE72-453A-A460-6E2F0285B436}.Debug|Any CPU.Build.0 = Debug|Any CPU
		{5524651B-DE72-453A-A460-6E2F0285B436}.Debug|Any CPU.Deploy.0 = Debug|Any CPU
		{5524651B-DE72-453A-A460-6E2F0285B436}.Debug|iPhone.ActiveCfg = Debug|Any CPU
		{5524651B-DE72-453A-A460-6E2F0285B436}.Debug|iPhone.Build.0 = Debug|Any CPU
		{5524651B-DE72-453A-A460-6E2F0285B436}.Debug|iPhone.Deploy.0 = Debug|Any CPU
		{5524651B-DE72-453A-A460-6E2F0285B436}.Debug|iPhoneSimulator.ActiveCfg = Debug|Any CPU
		{5524651B-DE72-453A-A460-6E2F0285B436}.Debug|iPhoneSimulator.Build.0 = Debug|Any CPU
		{5524651B-DE72-453A-A460-6E2F0285B436}.Debug|iPhoneSimulator.Deploy.0 = Debug|Any CPU
		{5524651B-DE72-453A-A460-6E2F0285B436}.Release|Any CPU.ActiveCfg = Release|Any CPU
		{5524651B-DE72-453A-A460-6E2F0285B436}.Release|Any CPU.Build.0 = Release|Any CPU
		{5524651B-DE72-453A-A460-6E2F0285B436}.Release|Any CPU.Deploy.0 = Release|Any CPU
		{5524651B-DE72-453A-A460-6E2F0285B436}.Release|iPhone.ActiveCfg = Release|Any CPU
		{5524651B-DE72-453A-A460-6E2F0285B436}.Release|iPhone.Build.0 = Release|Any CPU
		{5524651B-DE72-453A-A460-6E2F0285B436}.Release|iPhone.Deploy.0 = Release|Any CPU
		{5524651B-DE72-453A-A460-6E2F0285B436}.Release|iPhoneSimulator.ActiveCfg = Release|Any CPU
		{5524651B-DE72-453A-A460-6E2F0285B436}.Release|iPhoneSimulator.Build.0 = Release|Any CPU
		{5524651B-DE72-453A-A460-6E2F0285B436}.Release|iPhoneSimulator.Deploy.0 = Release|Any CPU
	EndGlobalSection
	GlobalSection(SolutionProperties) = preSolution
		HideSolutionNode = FALSE
	EndGlobalSection
	GlobalSection(ExtensibilityGlobals) = postSolution
		SolutionGuid = {3847CC8D-27D2-43BA-8361-5E981ABC0FDB}
	EndGlobalSection
EndGlobal
